// !$*UTF8*$!
{
	archiveVersion = 1;
	classes = {
	};
	objectVersion = 46;
	objects = {

/* Begin PBXBuildFile section */
		1E10B4DB02EB1674F57884CA /* libPods.a in Frameworks */ = {isa = PBXBuildFile; fileRef = B83169A34057C1962DF0F43C /* libPods.a */; };
		FE2DC40E19DF119100CFC79C /* PSRPhotoCollectionViewCell.m in Sources */ = {isa = PBXBuildFile; fileRef = FE2DC40D19DF119100CFC79C /* PSRPhotoCollectionViewCell.m */; };
		FE2DC41119DF1CF100CFC79C /* PSRPochtaManager.m in Sources */ = {isa = PBXBuildFile; fileRef = FE2DC41019DF1CF100CFC79C /* PSRPochtaManager.m */; };
		FE2DC41419DF1EFD00CFC79C /* PSROfficesMapViewController.m in Sources */ = {isa = PBXBuildFile; fileRef = FE2DC41319DF1EFD00CFC79C /* PSROfficesMapViewController.m */; };
		FE3DCEC019DB13B200E43AA5 /* main.m in Sources */ = {isa = PBXBuildFile; fileRef = FE3DCEBF19DB13B200E43AA5 /* main.m */; };
		FE3DCEC319DB13B200E43AA5 /* AppDelegate.m in Sources */ = {isa = PBXBuildFile; fileRef = FE3DCEC219DB13B200E43AA5 /* AppDelegate.m */; };
		FE3DCEC619DB13B200E43AA5 /* ViewController.m in Sources */ = {isa = PBXBuildFile; fileRef = FE3DCEC519DB13B200E43AA5 /* ViewController.m */; };
		FE3DCEC919DB13B200E43AA5 /* Main.storyboard in Resources */ = {isa = PBXBuildFile; fileRef = FE3DCEC719DB13B200E43AA5 /* Main.storyboard */; };
		FE3DCECB19DB13B200E43AA5 /* Images.xcassets in Resources */ = {isa = PBXBuildFile; fileRef = FE3DCECA19DB13B200E43AA5 /* Images.xcassets */; };
		FE3DCECE19DB13B200E43AA5 /* LaunchScreen.xib in Resources */ = {isa = PBXBuildFile; fileRef = FE3DCECC19DB13B200E43AA5 /* LaunchScreen.xib */; };
		FE3DCEDA19DB13B200E43AA5 /* OSRAPIServicesTests.m in Sources */ = {isa = PBXBuildFile; fileRef = FE3DCED919DB13B200E43AA5 /* OSRAPIServicesTests.m */; };
		FEBA254319DB1D2A007708C0 /* PSRRSSClient.m in Sources */ = {isa = PBXBuildFile; fileRef = FEBA254219DB1D2A007708C0 /* PSRRSSClient.m */; };
		FEBA254719DB24FD007708C0 /* FlickrClient.m in Sources */ = {isa = PBXBuildFile; fileRef = FEBA254619DB24FD007708C0 /* FlickrClient.m */; };
		FEBD90B819DEED58005AB299 /* PSRFlickrPhoto.m in Sources */ = {isa = PBXBuildFile; fileRef = FEBD90B719DEED58005AB299 /* PSRFlickrPhoto.m */; };
		FEBD90BB19DEEE37005AB299 /* PSRFlickrSearchOptions.m in Sources */ = {isa = PBXBuildFile; fileRef = FEBD90BA19DEEE37005AB299 /* PSRFlickrSearchOptions.m */; };
/* End PBXBuildFile section */

/* Begin PBXContainerItemProxy section */
		FE3DCED419DB13B200E43AA5 /* PBXContainerItemProxy */ = {
			isa = PBXContainerItemProxy;
			containerPortal = FE3DCEB219DB13B200E43AA5 /* Project object */;
			proxyType = 1;
			remoteGlobalIDString = FE3DCEB919DB13B200E43AA5;
			remoteInfo = OSRAPIServices;
		};
/* End PBXContainerItemProxy section */

/* Begin PBXFileReference section */
		01643A89799FD351080BA25A /* Pods.debug.xcconfig */ = {isa = PBXFileReference; includeInIndex = 1; lastKnownFileType = text.xcconfig; name = Pods.debug.xcconfig; path = "Pods/Target Support Files/Pods/Pods.debug.xcconfig"; sourceTree = "<group>"; };
		25D5D7EAC2E44BDFBA102521 /* Pods.release.xcconfig */ = {isa = PBXFileReference; includeInIndex = 1; lastKnownFileType = text.xcconfig; name = Pods.release.xcconfig; path = "Pods/Target Support Files/Pods/Pods.release.xcconfig"; sourceTree = "<group>"; };
		B83169A34057C1962DF0F43C /* libPods.a */ = {isa = PBXFileReference; explicitFileType = archive.ar; includeInIndex = 0; path = libPods.a; sourceTree = BUILT_PRODUCTS_DIR; };
		FE2DC40C19DF119100CFC79C /* PSRPhotoCollectionViewCell.h */ = {isa = PBXFileReference; fileEncoding = 4; lastKnownFileType = sourcecode.c.h; path = PSRPhotoCollectionViewCell.h; sourceTree = "<group>"; };
		FE2DC40D19DF119100CFC79C /* PSRPhotoCollectionViewCell.m */ = {isa = PBXFileReference; fileEncoding = 4; lastKnownFileType = sourcecode.c.objc; path = PSRPhotoCollectionViewCell.m; sourceTree = "<group>"; };
		FE2DC40F19DF1CF100CFC79C /* PSRPochtaManager.h */ = {isa = PBXFileReference; fileEncoding = 4; lastKnownFileType = sourcecode.c.h; path = PSRPochtaManager.h; sourceTree = "<group>"; };
		FE2DC41019DF1CF100CFC79C /* PSRPochtaManager.m */ = {isa = PBXFileReference; fileEncoding = 4; lastKnownFileType = sourcecode.c.objc; path = PSRPochtaManager.m; sourceTree = "<group>"; };
		FE2DC41219DF1EFD00CFC79C /* PSROfficesMapViewController.h */ = {isa = PBXFileReference; fileEncoding = 4; lastKnownFileType = sourcecode.c.h; path = PSROfficesMapViewController.h; sourceTree = "<group>"; };
		FE2DC41319DF1EFD00CFC79C /* PSROfficesMapViewController.m */ = {isa = PBXFileReference; fileEncoding = 4; lastKnownFileType = sourcecode.c.objc; path = PSROfficesMapViewController.m; sourceTree = "<group>"; };
		FE3DCEBA19DB13B200E43AA5 /* OSRAPIServices.app */ = {isa = PBXFileReference; explicitFileType = wrapper.application; includeInIndex = 0; path = OSRAPIServices.app; sourceTree = BUILT_PRODUCTS_DIR; };
		FE3DCEBE19DB13B200E43AA5 /* Info.plist */ = {isa = PBXFileReference; lastKnownFileType = text.plist.xml; path = Info.plist; sourceTree = "<group>"; };
		FE3DCEBF19DB13B200E43AA5 /* main.m */ = {isa = PBXFileReference; lastKnownFileType = sourcecode.c.objc; path = main.m; sourceTree = "<group>"; };
		FE3DCEC119DB13B200E43AA5 /* AppDelegate.h */ = {isa = PBXFileReference; lastKnownFileType = sourcecode.c.h; path = AppDelegate.h; sourceTree = "<group>"; };
		FE3DCEC219DB13B200E43AA5 /* AppDelegate.m */ = {isa = PBXFileReference; lastKnownFileType = sourcecode.c.objc; path = AppDelegate.m; sourceTree = "<group>"; };
		FE3DCEC419DB13B200E43AA5 /* ViewController.h */ = {isa = PBXFileReference; lastKnownFileType = sourcecode.c.h; path = ViewController.h; sourceTree = "<group>"; };
		FE3DCEC519DB13B200E43AA5 /* ViewController.m */ = {isa = PBXFileReference; lastKnownFileType = sourcecode.c.objc; path = ViewController.m; sourceTree = "<group>"; };
		FE3DCEC819DB13B200E43AA5 /* Base */ = {isa = PBXFileReference; lastKnownFileType = file.storyboard; name = Base; path = Base.lproj/Main.storyboard; sourceTree = "<group>"; };
		FE3DCECA19DB13B200E43AA5 /* Images.xcassets */ = {isa = PBXFileReference; lastKnownFileType = folder.assetcatalog; path = Images.xcassets; sourceTree = "<group>"; };
		FE3DCECD19DB13B200E43AA5 /* Base */ = {isa = PBXFileReference; lastKnownFileType = file.xib; name = Base; path = Base.lproj/LaunchScreen.xib; sourceTree = "<group>"; };
		FE3DCED319DB13B200E43AA5 /* OSRAPIServicesTests.xctest */ = {isa = PBXFileReference; explicitFileType = wrapper.cfbundle; includeInIndex = 0; path = OSRAPIServicesTests.xctest; sourceTree = BUILT_PRODUCTS_DIR; };
		FE3DCED819DB13B200E43AA5 /* Info.plist */ = {isa = PBXFileReference; lastKnownFileType = text.plist.xml; path = Info.plist; sourceTree = "<group>"; };
		FE3DCED919DB13B200E43AA5 /* OSRAPIServicesTests.m */ = {isa = PBXFileReference; lastKnownFileType = sourcecode.c.objc; path = OSRAPIServicesTests.m; sourceTree = "<group>"; };
		FEBA254119DB1D2A007708C0 /* PSRRSSClient.h */ = {isa = PBXFileReference; fileEncoding = 4; lastKnownFileType = sourcecode.c.h; name = PSRRSSClient.h; path = OSRAPIServices/PSRRSSClient.h; sourceTree = "<group>"; };
		FEBA254219DB1D2A007708C0 /* PSRRSSClient.m */ = {isa = PBXFileReference; fileEncoding = 4; lastKnownFileType = sourcecode.c.objc; name = PSRRSSClient.m; path = OSRAPIServices/PSRRSSClient.m; sourceTree = "<group>"; };
		FEBA254519DB24FD007708C0 /* FlickrClient.h */ = {isa = PBXFileReference; fileEncoding = 4; lastKnownFileType = sourcecode.c.h; name = FlickrClient.h; path = OSRAPIServices/FlickrClient.h; sourceTree = "<group>"; };
		FEBA254619DB24FD007708C0 /* FlickrClient.m */ = {isa = PBXFileReference; fileEncoding = 4; lastKnownFileType = sourcecode.c.objc; name = FlickrClient.m; path = OSRAPIServices/FlickrClient.m; sourceTree = "<group>"; };
		FEBD90B619DEED58005AB299 /* PSRFlickrPhoto.h */ = {isa = PBXFileReference; fileEncoding = 4; lastKnownFileType = sourcecode.c.h; path = PSRFlickrPhoto.h; sourceTree = "<group>"; };
		FEBD90B719DEED58005AB299 /* PSRFlickrPhoto.m */ = {isa = PBXFileReference; fileEncoding = 4; lastKnownFileType = sourcecode.c.objc; path = PSRFlickrPhoto.m; sourceTree = "<group>"; };
		FEBD90B919DEEE37005AB299 /* PSRFlickrSearchOptions.h */ = {isa = PBXFileReference; fileEncoding = 4; lastKnownFileType = sourcecode.c.h; path = PSRFlickrSearchOptions.h; sourceTree = "<group>"; };
		FEBD90BA19DEEE37005AB299 /* PSRFlickrSearchOptions.m */ = {isa = PBXFileReference; fileEncoding = 4; lastKnownFileType = sourcecode.c.objc; path = PSRFlickrSearchOptions.m; sourceTree = "<group>"; };
/* End PBXFileReference section */

/* Begin PBXFrameworksBuildPhase section */
		FE3DCEB719DB13B200E43AA5 /* Frameworks */ = {
			isa = PBXFrameworksBuildPhase;
			buildActionMask = 2147483647;
			files = (
				1E10B4DB02EB1674F57884CA /* libPods.a in Frameworks */,
			);
			runOnlyForDeploymentPostprocessing = 0;
		};
		FE3DCED019DB13B200E43AA5 /* Frameworks */ = {
			isa = PBXFrameworksBuildPhase;
			buildActionMask = 2147483647;
			files = (
			);
			runOnlyForDeploymentPostprocessing = 0;
		};
/* End PBXFrameworksBuildPhase section */

/* Begin PBXGroup section */
		49406CB5846D52F600C9FAA2 /* Pods */ = {
			isa = PBXGroup;
			children = (
				01643A89799FD351080BA25A /* Pods.debug.xcconfig */,
				25D5D7EAC2E44BDFBA102521 /* Pods.release.xcconfig */,
			);
			name = Pods;
			sourceTree = "<group>";
		};
		88EFFD79D0BBD87E667399A5 /* Frameworks */ = {
			isa = PBXGroup;
			children = (
				B83169A34057C1962DF0F43C /* libPods.a */,
			);
			name = Frameworks;
			sourceTree = "<group>";
		};
		FE3DCEB119DB13B200E43AA5 = {
			isa = PBXGroup;
			children = (
				FEBA254419DB1D43007708C0 /* API */,
				FE3DCEBC19DB13B200E43AA5 /* OSRAPIServices */,
				FE3DCED619DB13B200E43AA5 /* OSRAPIServicesTests */,
				FE3DCEBB19DB13B200E43AA5 /* Products */,
				49406CB5846D52F600C9FAA2 /* Pods */,
				88EFFD79D0BBD87E667399A5 /* Frameworks */,
			);
			sourceTree = "<group>";
		};
		FE3DCEBB19DB13B200E43AA5 /* Products */ = {
			isa = PBXGroup;
			children = (
				FE3DCEBA19DB13B200E43AA5 /* OSRAPIServices.app */,
				FE3DCED319DB13B200E43AA5 /* OSRAPIServicesTests.xctest */,
			);
			name = Products;
			sourceTree = "<group>";
		};
		FE3DCEBC19DB13B200E43AA5 /* OSRAPIServices */ = {
			isa = PBXGroup;
			children = (
				FE3DCEC119DB13B200E43AA5 /* AppDelegate.h */,
				FE3DCEC219DB13B200E43AA5 /* AppDelegate.m */,
				FE3DCEC419DB13B200E43AA5 /* ViewController.h */,
				FE3DCEC519DB13B200E43AA5 /* ViewController.m */,
				FE3DCEC719DB13B200E43AA5 /* Main.storyboard */,
				FE2DC41219DF1EFD00CFC79C /* PSROfficesMapViewController.h */,
				FE2DC41319DF1EFD00CFC79C /* PSROfficesMapViewController.m */,
				FE2DC40C19DF119100CFC79C /* PSRPhotoCollectionViewCell.h */,
				FE2DC40D19DF119100CFC79C /* PSRPhotoCollectionViewCell.m */,
				FE3DCECA19DB13B200E43AA5 /* Images.xcassets */,
				FE3DCECC19DB13B200E43AA5 /* LaunchScreen.xib */,
				FE3DCEBD19DB13B200E43AA5 /* Supporting Files */,
			);
			path = OSRAPIServices;
			sourceTree = "<group>";
		};
		FE3DCEBD19DB13B200E43AA5 /* Supporting Files */ = {
			isa = PBXGroup;
			children = (
				FE3DCEBE19DB13B200E43AA5 /* Info.plist */,
				FE3DCEBF19DB13B200E43AA5 /* main.m */,
			);
			name = "Supporting Files";
			sourceTree = "<group>";
		};
		FE3DCED619DB13B200E43AA5 /* OSRAPIServicesTests */ = {
			isa = PBXGroup;
			children = (
				FE3DCED919DB13B200E43AA5 /* OSRAPIServicesTests.m */,
				FE3DCED719DB13B200E43AA5 /* Supporting Files */,
			);
			path = OSRAPIServicesTests;
			sourceTree = "<group>";
		};
		FE3DCED719DB13B200E43AA5 /* Supporting Files */ = {
			isa = PBXGroup;
			children = (
				FE3DCED819DB13B200E43AA5 /* Info.plist */,
			);
			name = "Supporting Files";
			sourceTree = "<group>";
		};
		FEBA254419DB1D43007708C0 /* API */ = {
			isa = PBXGroup;
			children = (
				FE2DC40F19DF1CF100CFC79C /* PSRPochtaManager.h */,
				FE2DC41019DF1CF100CFC79C /* PSRPochtaManager.m */,
				FEBD90B619DEED58005AB299 /* PSRFlickrPhoto.h */,
				FEBD90B719DEED58005AB299 /* PSRFlickrPhoto.m */,
				FEBA254519DB24FD007708C0 /* FlickrClient.h */,
				FEBA254619DB24FD007708C0 /* FlickrClient.m */,
				FEBA254119DB1D2A007708C0 /* PSRRSSClient.h */,
				FEBA254219DB1D2A007708C0 /* PSRRSSClient.m */,
				FEBD90B919DEEE37005AB299 /* PSRFlickrSearchOptions.h */,
				FEBD90BA19DEEE37005AB299 /* PSRFlickrSearchOptions.m */,
			);
			name = API;
			sourceTree = "<group>";
		};
/* End PBXGroup section */

/* Begin PBXNativeTarget section */
		FE3DCEB919DB13B200E43AA5 /* OSRAPIServices */ = {
			isa = PBXNativeTarget;
			buildConfigurationList = FE3DCEDD19DB13B200E43AA5 /* Build configuration list for PBXNativeTarget "OSRAPIServices" */;
			buildPhases = (
				1CB31AA2DEC636411C61091A /* Check Pods Manifest.lock */,
				FE3DCEB619DB13B200E43AA5 /* Sources */,
				FE3DCEB719DB13B200E43AA5 /* Frameworks */,
				FE3DCEB819DB13B200E43AA5 /* Resources */,
				4871FF5523FF291AF88D31CE /* Copy Pods Resources */,
			);
			buildRules = (
			);
			dependencies = (
			);
			name = OSRAPIServices;
			productName = OSRAPIServices;
			productReference = FE3DCEBA19DB13B200E43AA5 /* OSRAPIServices.app */;
			productType = "com.apple.product-type.application";
		};
		FE3DCED219DB13B200E43AA5 /* OSRAPIServicesTests */ = {
			isa = PBXNativeTarget;
			buildConfigurationList = FE3DCEE019DB13B200E43AA5 /* Build configuration list for PBXNativeTarget "OSRAPIServicesTests" */;
			buildPhases = (
				FE3DCECF19DB13B200E43AA5 /* Sources */,
				FE3DCED019DB13B200E43AA5 /* Frameworks */,
				FE3DCED119DB13B200E43AA5 /* Resources */,
			);
			buildRules = (
			);
			dependencies = (
				FE3DCED519DB13B200E43AA5 /* PBXTargetDependency */,
			);
			name = OSRAPIServicesTests;
			productName = OSRAPIServicesTests;
			productReference = FE3DCED319DB13B200E43AA5 /* OSRAPIServicesTests.xctest */;
			productType = "com.apple.product-type.bundle.unit-test";
		};
/* End PBXNativeTarget section */

/* Begin PBXProject section */
		FE3DCEB219DB13B200E43AA5 /* Project object */ = {
			isa = PBXProject;
			attributes = {
				LastUpgradeCheck = 0600;
				ORGANIZATIONNAME = n.shubenkov;
				TargetAttributes = {
					FE3DCEB919DB13B200E43AA5 = {
						CreatedOnToolsVersion = 6.0;
					};
					FE3DCED219DB13B200E43AA5 = {
						CreatedOnToolsVersion = 6.0;
						TestTargetID = FE3DCEB919DB13B200E43AA5;
					};
				};
			};
			buildConfigurationList = FE3DCEB519DB13B200E43AA5 /* Build configuration list for PBXProject "OSRAPIServices" */;
			compatibilityVersion = "Xcode 3.2";
			developmentRegion = English;
			hasScannedForEncodings = 0;
			knownRegions = (
				en,
				Base,
			);
			mainGroup = FE3DCEB119DB13B200E43AA5;
			productRefGroup = FE3DCEBB19DB13B200E43AA5 /* Products */;
			projectDirPath = "";
			projectRoot = "";
			targets = (
				FE3DCEB919DB13B200E43AA5 /* OSRAPIServices */,
				FE3DCED219DB13B200E43AA5 /* OSRAPIServicesTests */,
			);
		};
/* End PBXProject section */

/* Begin PBXResourcesBuildPhase section */
		FE3DCEB819DB13B200E43AA5 /* Resources */ = {
			isa = PBXResourcesBuildPhase;
			buildActionMask = 2147483647;
			files = (
				FE3DCEC919DB13B200E43AA5 /* Main.storyboard in Resources */,
				FE3DCECE19DB13B200E43AA5 /* LaunchScreen.xib in Resources */,
				FE3DCECB19DB13B200E43AA5 /* Images.xcassets in Resources */,
			);
			runOnlyForDeploymentPostprocessing = 0;
		};
		FE3DCED119DB13B200E43AA5 /* Resources */ = {
			isa = PBXResourcesBuildPhase;
			buildActionMask = 2147483647;
			files = (
			);
			runOnlyForDeploymentPostprocessing = 0;
		};
/* End PBXResourcesBuildPhase section */

/* Begin PBXShellScriptBuildPhase section */
		1CB31AA2DEC636411C61091A /* Check Pods Manifest.lock */ = {
			isa = PBXShellScriptBuildPhase;
			buildActionMask = 2147483647;
			files = (
			);
			inputPaths = (
			);
			name = "Check Pods Manifest.lock";
			outputPaths = (
			);
			runOnlyForDeploymentPostprocessing = 0;
			shellPath = /bin/sh;
			shellScript = "diff \"${PODS_ROOT}/../Podfile.lock\" \"${PODS_ROOT}/Manifest.lock\" > /dev/null\nif [[ $? != 0 ]] ; then\n    cat << EOM\nerror: The sandbox is not in sync with the Podfile.lock. Run 'pod install' or update your CocoaPods installation.\nEOM\n    exit 1\nfi\n";
			showEnvVarsInLog = 0;
		};
		4871FF5523FF291AF88D31CE /* Copy Pods Resources */ = {
			isa = PBXShellScriptBuildPhase;
			buildActionMask = 2147483647;
			files = (
			);
			inputPaths = (
			);
			name = "Copy Pods Resources";
			outputPaths = (
			);
			runOnlyForDeploymentPostprocessing = 0;
			shellPath = /bin/sh;
			shellScript = "\"${SRCROOT}/Pods/Target Support Files/Pods/Pods-resources.sh\"\n";
			showEnvVarsInLog = 0;
		};
/* End PBXShellScriptBuildPhase section */

/* Begin PBXSourcesBuildPhase section */
		FE3DCEB619DB13B200E43AA5 /* Sources */ = {
			isa = PBXSourcesBuildPhase;
			buildActionMask = 2147483647;
			files = (
				FE2DC41119DF1CF100CFC79C /* PSRPochtaManager.m in Sources */,
				FEBD90BB19DEEE37005AB299 /* PSRFlickrSearchOptions.m in Sources */,
				FEBA254719DB24FD007708C0 /* FlickrClient.m in Sources */,
				FE3DCEC619DB13B200E43AA5 /* ViewController.m in Sources */,
				FEBA254319DB1D2A007708C0 /* PSRRSSClient.m in Sources */,
				FE2DC41419DF1EFD00CFC79C /* PSROfficesMapViewController.m in Sources */,
				FEBD90B819DEED58005AB299 /* PSRFlickrPhoto.m in Sources */,
				FE2DC40E19DF119100CFC79C /* PSRPhotoCollectionViewCell.m in Sources */,
				FE3DCEC319DB13B200E43AA5 /* AppDelegate.m in Sources */,
				FE3DCEC019DB13B200E43AA5 /* main.m in Sources */,
			);
			runOnlyForDeploymentPostprocessing = 0;
		};
		FE3DCECF19DB13B200E43AA5 /* Sources */ = {
			isa = PBXSourcesBuildPhase;
			buildActionMask = 2147483647;
			files = (
				FE3DCEDA19DB13B200E43AA5 /* OSRAPIServicesTests.m in Sources */,
			);
			runOnlyForDeploymentPostprocessing = 0;
		};
/* End PBXSourcesBuildPhase section */

/* Begin PBXTargetDependency section */
		FE3DCED519DB13B200E43AA5 /* PBXTargetDependency */ = {
			isa = PBXTargetDependency;
			target = FE3DCEB919DB13B200E43AA5 /* OSRAPIServices */;
			targetProxy = FE3DCED419DB13B200E43AA5 /* PBXContainerItemProxy */;
		};
/* End PBXTargetDependency section */

/* Begin PBXVariantGroup section */
		FE3DCEC719DB13B200E43AA5 /* Main.storyboard */ = {
			isa = PBXVariantGroup;
			children = (
				FE3DCEC819DB13B200E43AA5 /* Base */,
			);
			name = Main.storyboard;
			sourceTree = "<group>";
		};
		FE3DCECC19DB13B200E43AA5 /* LaunchScreen.xib */ = {
			isa = PBXVariantGroup;
			children = (
				FE3DCECD19DB13B200E43AA5 /* Base */,
			);
			name = LaunchScreen.xib;
			sourceTree = "<group>";
		};
/* End PBXVariantGroup section */

/* Begin XCBuildConfiguration section */
		FE3DCEDB19DB13B200E43AA5 /* Debug */ = {
			isa = XCBuildConfiguration;
			buildSettings = {
				ALWAYS_SEARCH_USER_PATHS = NO;
				CLANG_CXX_LANGUAGE_STANDARD = "gnu++0x";
				CLANG_CXX_LIBRARY = "libc++";
				CLANG_ENABLE_MODULES = YES;
				CLANG_ENABLE_OBJC_ARC = YES;
				CLANG_WARN_BOOL_CONVERSION = YES;
				CLANG_WARN_CONSTANT_CONVERSION = YES;
				CLANG_WARN_DIRECT_OBJC_ISA_USAGE = YES_ERROR;
				CLANG_WARN_EMPTY_BODY = YES;
				CLANG_WARN_ENUM_CONVERSION = YES;
				CLANG_WARN_INT_CONVERSION = YES;
				CLANG_WARN_OBJC_ROOT_CLASS = YES_ERROR;
				CLANG_WARN_UNREACHABLE_CODE = YES;
				CLANG_WARN__DUPLICATE_METHOD_MATCH = YES;
				"CODE_SIGN_IDENTITY[sdk=iphoneos*]" = "iPhone Developer";
				COPY_PHASE_STRIP = NO;
				ENABLE_STRICT_OBJC_MSGSEND = YES;
				GCC_C_LANGUAGE_STANDARD = gnu99;
				GCC_DYNAMIC_NO_PIC = NO;
				GCC_OPTIMIZATION_LEVEL = 0;
				GCC_PREPROCESSOR_DEFINITIONS = (
					"DEBUG=1",
					"$(inherited)",
				);
				GCC_SYMBOLS_PRIVATE_EXTERN = NO;
				GCC_WARN_64_TO_32_BIT_CONVERSION = YES;
				GCC_WARN_ABOUT_RETURN_TYPE = YES_ERROR;
				GCC_WARN_UNDECLARED_SELECTOR = YES;
				GCC_WARN_UNINITIALIZED_AUTOS = YES_AGGRESSIVE;
				GCC_WARN_UNUSED_FUNCTION = YES;
				GCC_WARN_UNUSED_VARIABLE = YES;
				IPHONEOS_DEPLOYMENT_TARGET = 8.0;
				MTL_ENABLE_DEBUG_INFO = YES;
				ONLY_ACTIVE_ARCH = YES;
				SDKROOT = iphoneos;
				TARGETED_DEVICE_FAMILY = "1,2";
			};
			name = Debug;
		};
		FE3DCEDC19DB13B200E43AA5 /* Release */ = {
			isa = XCBuildConfiguration;
			buildSettings = {
				ALWAYS_SEARCH_USER_PATHS = NO;
				CLANG_CXX_LANGUAGE_STANDARD = "gnu++0x";
				CLANG_CXX_LIBRARY = "libc++";
				CLANG_ENABLE_MODULES = YES;
				CLANG_ENABLE_OBJC_ARC = YES;
				CLANG_WARN_BOOL_CONVERSION = YES;
				CLANG_WARN_CONSTANT_CONVERSION = YES;
				CLANG_WARN_DIRECT_OBJC_ISA_USAGE = YES_ERROR;
				CLANG_WARN_EMPTY_BODY = YES;
				CLANG_WARN_ENUM_CONVERSION = YES;
				CLANG_WARN_INT_CONVERSION = YES;
				CLANG_WARN_OBJC_ROOT_CLASS = YES_ERROR;
				CLANG_WARN_UNREACHABLE_CODE = YES;
				CLANG_WARN__DUPLICATE_METHOD_MATCH = YES;
				"CODE_SIGN_IDENTITY[sdk=iphoneos*]" = "iPhone Developer";
				COPY_PHASE_STRIP = YES;
				ENABLE_NS_ASSERTIONS = NO;
				ENABLE_STRICT_OBJC_MSGSEND = YES;
				GCC_C_LANGUAGE_STANDARD = gnu99;
				GCC_WARN_64_TO_32_BIT_CONVERSION = YES;
				GCC_WARN_ABOUT_RETURN_TYPE = YES_ERROR;
				GCC_WARN_UNDECLARED_SELECTOR = YES;
				GCC_WARN_UNINITIALIZED_AUTOS = YES_AGGRESSIVE;
				GCC_WARN_UNUSED_FUNCTION = YES;
				GCC_WARN_UNUSED_VARIABLE = YES;
				IPHONEOS_DEPLOYMENT_TARGET = 8.0;
				MTL_ENABLE_DEBUG_INFO = NO;
				SDKROOT = iphoneos;
				TARGETED_DEVICE_FAMILY = "1,2";
				VALIDATE_PRODUCT = YES;
			};
			name = Release;
		};
		FE3DCEDE19DB13B200E43AA5 /* Debug */ = {
			isa = XCBuildConfiguration;
			baseConfigurationReference = 01643A89799FD351080BA25A /* Pods.debug.xcconfig */;
			buildSettings = {
				ASSETCATALOG_COMPILER_APPICON_NAME = AppIcon;
				INFOPLIST_FILE = OSRAPIServices/Info.plist;
				IPHONEOS_DEPLOYMENT_TARGET = 7.0;
				LD_RUNPATH_SEARCH_PATHS = "$(inherited) @executable_path/Frameworks";
				PRODUCT_NAME = "$(TARGET_NAME)";
			};
			name = Debug;
		};
		FE3DCEDF19DB13B200E43AA5 /* Release */ = {
			isa = XCBuildConfiguration;
			baseConfigurationReference = 25D5D7EAC2E44BDFBA102521 /* Pods.release.xcconfig */;
			buildSettings = {
				ASSETCATALOG_COMPILER_APPICON_NAME = AppIcon;
				INFOPLIST_FILE = OSRAPIServices/Info.plist;
				IPHONEOS_DEPLOYMENT_TARGET = 7.0;
				LD_RUNPATH_SEARCH_PATHS = "$(inherited) @executable_path/Frameworks";
				PRODUCT_NAME = "$(TARGET_NAME)";
			};
			name = Release;
		};
		FE3DCEE119DB13B200E43AA5 /* Debug */ = {
			isa = XCBuildConfiguration;
			buildSettings = {
				BUNDLE_LOADER = "$(TEST_HOST)";
				FRAMEWORK_SEARCH_PATHS = (
					"$(SDKROOT)/Developer/Library/Frameworks",
					"$(inherited)",
				);
				GCC_PREPROCESSOR_DEFINITIONS = (
					"DEBUG=1",
					"$(inherited)",
				);
				INFOPLIST_FILE = OSRAPIServicesTests/Info.plist;
				LD_RUNPATH_SEARCH_PATHS = "$(inherited) @executable_path/Frameworks @loader_path/Frameworks";
				PRODUCT_NAME = "$(TARGET_NAME)";
				TEST_HOST = "$(BUILT_PRODUCTS_DIR)/OSRAPIServices.app/OSRAPIServices";
			};
			name = Debug;
		};
		FE3DCEE219DB13B200E43AA5 /* Release */ = {
			isa = XCBuildConfiguration;
			buildSettings = {
				BUNDLE_LOADER = "$(TEST_HOST)";
				FRAMEWORK_SEARCH_PATHS = (
					"$(SDKROOT)/Developer/Library/Frameworks",
					"$(inherited)",
				);
				INFOPLIST_FILE = OSRAPIServicesTests/Info.plist;
				LD_RUNPATH_SEARCH_PATHS = "$(inherited) @executable_path/Frameworks @loader_path/Frameworks";
				PRODUCT_NAME = "$(TARGET_NAME)";
				TEST_HOST = "$(BUILT_PRODUCTS_DIR)/OSRAPIServices.app/OSRAPIServices";
			};
			name = Release;
		};
/* End XCBuildConfiguration section */

/* Begin XCConfigurationList section */
		FE3DCEB519DB13B200E43AA5 /* Build configuration list for PBXProject "OSRAPIServices" */ = {
			isa = XCConfigurationList;
			buildConfigurations = (
				FE3DCEDB19DB13B200E43AA5 /* Debug */,
				FE3DCEDC19DB13B200E43AA5 /* Release */,
			);
			defaultConfigurationIsVisible = 0;
			defaultConfigurationName = Release;
		};
		FE3DCEDD19DB13B200E43AA5 /* Build configuration list for PBXNativeTarget "OSRAPIServices" */ = {
			isa = XCConfigurationList;
			buildConfigurations = (
				FE3DCEDE19DB13B200E43AA5 /* Debug */,
				FE3DCEDF19DB13B200E43AA5 /* Release */,
			);
			defaultConfigurationIsVisible = 0;
			defaultConfigurationName = Release;
		};
		FE3DCEE019DB13B200E43AA5 /* Build configuration list for PBXNativeTarget "OSRAPIServicesTests" */ = {
			isa = XCConfigurationList;
			buildConfigurations = (
				FE3DCEE119DB13B200E43AA5 /* Debug */,
				FE3DCEE219DB13B200E43AA5 /* Release */,
			);
			defaultConfigurationIsVisible = 0;
			defaultConfigurationName = Release;
		};
/* End XCConfigurationList section */
	};
	rootObject = FE3DCEB219DB13B200E43AA5 /* Project object */;
}
